
Microsoft Visual Studio Solution File, Format Version 12.00
# Visual Studio Version 17
VisualStudioVersion = 17.1.31903.286
MinimumVisualStudioVersion = 10.0.40219.1
Project("{2150E333-8FDC-42A3-9474-1A3956D46DE8}") = "Collaboration", "Collaboration", "{02208CDF-D611-4FA0-A548-F8B8F048EC54}"
	ProjectSection(SolutionItems) = preProject
		assets\Collaboration\Image = assets\Collaboration\Image
		assets\Collaboration\Info = assets\Collaboration\Info
	EndProjectSection
EndProject
Project("{2150E333-8FDC-42A3-9474-1A3956D46DE8}") = "Solution Items", "Solution Items", "{AE09C520-0052-4684-8E87-4E41784AA544}"
	ProjectSection(SolutionItems) = preProject
		.editorconfig = .editorconfig
		appveyor.yml = appveyor.yml
		PoeLurker.ruleset = PoeLurker.ruleset
		stylecop.json = stylecop.json
		WoshVsPowerTools-Settings.json = WoshVsPowerTools-Settings.json
	EndProjectSection
EndProject
Project("{FAE04EC0-301F-11D3-BF4B-00C04F79EFBC}") = "Lurker.Uninstall", "src\Lurker.Uninstall\Lurker.Uninstall.csproj", "{0BC827AB-E8E2-4D60-8394-5B07841285DA}"
EndProject
Project("{2150E333-8FDC-42A3-9474-1A3956D46DE8}") = "Data", "Data", "{872F0448-2198-4053-8455-394EA690471F}"
	ProjectSection(SolutionItems) = preProject
		assets\Data\GemInfo.json = assets\Data\GemInfo.json
		assets\Data\UniqueInfo.json = assets\Data\UniqueInfo.json
	EndProjectSection
EndProject
Project("{9A19103F-16F7-4668-BE54-9A1E7A4F7556}") = "PoeLurker.Core", "PoeLurker.Core\PoeLurker.Core.csproj", "{10C2B707-4415-4C03-AFB3-A6FDAC732B74}"
EndProject
Project("{FAE04EC0-301F-11D3-BF4B-00C04F79EFBC}") = "PoeLurker.UI", "PoeLurker.UI\PoeLurker.UI.csproj", "{50416B8D-130B-4F85-83F0-64B2A72706C6}"
EndProject
Global
	GlobalSection(SolutionConfigurationPlatforms) = preSolution
		Debug|Any CPU = Debug|Any CPU
		Debug|x64 = Debug|x64
		Debug|x86 = Debug|x86
		Release|Any CPU = Release|Any CPU
		Release|x64 = Release|x64
		Release|x86 = Release|x86
	EndGlobalSection
	GlobalSection(ProjectConfigurationPlatforms) = postSolution
		{0BC827AB-E8E2-4D60-8394-5B07841285DA}.Debug|Any CPU.ActiveCfg = Debug|Any CPU
		{0BC827AB-E8E2-4D60-8394-5B07841285DA}.Debug|Any CPU.Build.0 = Debug|Any CPU
		{0BC827AB-E8E2-4D60-8394-5B07841285DA}.Debug|x64.ActiveCfg = Debug|Any CPU
		{0BC827AB-E8E2-4D60-8394-5B07841285DA}.Debug|x64.Build.0 = Debug|Any CPU
		{0BC827AB-E8E2-4D60-8394-5B07841285DA}.Debug|x86.ActiveCfg = Debug|Any CPU
		{0BC827AB-E8E2-4D60-8394-5B07841285DA}.Debug|x86.Build.0 = Debug|Any CPU
		{0BC827AB-E8E2-4D60-8394-5B07841285DA}.Release|Any CPU.ActiveCfg = Release|Any CPU
		{0BC827AB-E8E2-4D60-8394-5B07841285DA}.Release|Any CPU.Build.0 = Release|Any CPU
		{0BC827AB-E8E2-4D60-8394-5B07841285DA}.Release|x64.ActiveCfg = Release|Any CPU
		{0BC827AB-E8E2-4D60-8394-5B07841285DA}.Release|x64.Build.0 = Release|Any CPU
		{0BC827AB-E8E2-4D60-8394-5B07841285DA}.Release|x86.ActiveCfg = Release|Any CPU
		{0BC827AB-E8E2-4D60-8394-5B07841285DA}.Release|x86.Build.0 = Release|Any CPU
		{10C2B707-4415-4C03-AFB3-A6FDAC732B74}.Debug|Any CPU.ActiveCfg = Debug|Any CPU
		{10C2B707-4415-4C03-AFB3-A6FDAC732B74}.Debug|Any CPU.Build.0 = Debug|Any CPU
		{10C2B707-4415-4C03-AFB3-A6FDAC732B74}.Debug|x64.ActiveCfg = Debug|Any CPU
		{10C2B707-4415-4C03-AFB3-A6FDAC732B74}.Debug|x64.Build.0 = Debug|Any CPU
		{10C2B707-4415-4C03-AFB3-A6FDAC732B74}.Debug|x86.ActiveCfg = Debug|Any CPU
		{10C2B707-4415-4C03-AFB3-A6FDAC732B74}.Debug|x86.Build.0 = Debug|Any CPU
		{10C2B707-4415-4C03-AFB3-A6FDAC732B74}.Release|Any CPU.ActiveCfg = Release|Any CPU
		{10C2B707-4415-4C03-AFB3-A6FDAC732B74}.Release|Any CPU.Build.0 = Release|Any CPU
		{10C2B707-4415-4C03-AFB3-A6FDAC732B74}.Release|x64.ActiveCfg = Release|Any CPU
		{10C2B707-4415-4C03-AFB3-A6FDAC732B74}.Release|x64.Build.0 = Release|Any CPU
		{10C2B707-4415-4C03-AFB3-A6FDAC732B74}.Release|x86.ActiveCfg = Release|Any CPU
		{10C2B707-4415-4C03-AFB3-A6FDAC732B74}.Release|x86.Build.0 = Release|Any CPU
		{50416B8D-130B-4F85-83F0-64B2A72706C6}.Debug|Any CPU.ActiveCfg = Debug|Any CPU
		{50416B8D-130B-4F85-83F0-64B2A72706C6}.Debug|Any CPU.Build.0 = Debug|Any CPU
		{50416B8D-130B-4F85-83F0-64B2A72706C6}.Debug|x64.ActiveCfg = Debug|Any CPU
		{50416B8D-130B-4F85-83F0-64B2A72706C6}.Debug|x64.Build.0 = Debug|Any CPU
		{50416B8D-130B-4F85-83F0-64B2A72706C6}.Debug|x86.ActiveCfg = Debug|Any CPU
		{50416B8D-130B-4F85-83F0-64B2A72706C6}.Debug|x86.Build.0 = Debug|Any CPU
		{50416B8D-130B-4F85-83F0-64B2A72706C6}.Release|Any CPU.ActiveCfg = Release|Any CPU
		{50416B8D-130B-4F85-83F0-64B2A72706C6}.Release|Any CPU.Build.0 = Release|Any CPU
		{50416B8D-130B-4F85-83F0-64B2A72706C6}.Release|x64.ActiveCfg = Release|Any CPU
		{50416B8D-130B-4F85-83F0-64B2A72706C6}.Release|x64.Build.0 = Release|Any CPU
		{50416B8D-130B-4F85-83F0-64B2A72706C6}.Release|x86.ActiveCfg = Release|Any CPU
		{50416B8D-130B-4F85-83F0-64B2A72706C6}.Release|x86.Build.0 = Release|Any CPU
	EndGlobalSection
	GlobalSection(SolutionProperties) = preSolution
		HideSolutionNode = FALSE
	EndGlobalSection
	GlobalSection(ExtensibilityGlobals) = postSolution
		SolutionGuid = {868607CC-E403-4AAF-BE86-31E7EC2B2895}
	EndGlobalSection
EndGlobal
